
Microsoft Visual Studio Solution File, Format Version 12.00
# Visual Studio Version 17
VisualStudioVersion = 17.4.33205.214
MinimumVisualStudioVersion = 10.0.40219.1
Project("{FAE04EC0-301F-11D3-BF4B-00C04F79EFBC}") = "csharp eşittir operatörü", "csharp eşittir operatörü\csharp eşittir operatörü.csproj", "{319A55EB-4EFF-472F-A4BA-1ED0D671FA3F}"
EndProject
Global
	GlobalSection(SolutionConfigurationPlatforms) = preSolution
		Debug|Any CPU = Debug|Any CPU
		Release|Any CPU = Release|Any CPU
	EndGlobalSection
	GlobalSection(ProjectConfigurationPlatforms) = postSolution
		{319A55EB-4EFF-472F-A4BA-1ED0D671FA3F}.Debug|Any CPU.ActiveCfg = Debug|Any CPU
		{319A55EB-4EFF-472F-A4BA-1ED0D671FA3F}.Debug|Any CPU.Build.0 = Debug|Any CPU
		{319A55EB-4EFF-472F-A4BA-1ED0D671FA3F}.Release|Any CPU.ActiveCfg = Release|Any CPU
		{319A55EB-4EFF-472F-A4BA-1ED0D671FA3F}.Release|Any CPU.Build.0 = Release|Any CPU
	EndGlobalSection
	GlobalSection(SolutionProperties) = preSolution
		HideSolutionNode = FALSE
	EndGlobalSection
	GlobalSection(ExtensibilityGlobals) = postSolution
		SolutionGuid = {485C449B-F2CF-410F-B7AE-89EE1D4FA18A}
	EndGlobalSection
EndGlobal
